// !$*UTF8*$!
{
	archiveVersion = 1;
	classes = {
	};
	objectVersion = 56;
	objects = {

/* Begin PBXBuildFile section */
		CC37820F2C64C6DF00E8E269 /* RxCocoa in Frameworks */ = {isa = PBXBuildFile; productRef = CC37820E2C64C6DF00E8E269 /* RxCocoa */; };
		CC3782112C64C6DF00E8E269 /* RxSwift in Frameworks */ = {isa = PBXBuildFile; productRef = CC3782102C64C6DF00E8E269 /* RxSwift */; };
		CC3782142C64C6F100E8E269 /* SnapKit in Frameworks */ = {isa = PBXBuildFile; productRef = CC3782132C64C6F100E8E269 /* SnapKit */; };
		CC3782172C64C6FC00E8E269 /* Then in Frameworks */ = {isa = PBXBuildFile; productRef = CC3782162C64C6FC00E8E269 /* Then */; };
		CC37821A2C64C71600E8E269 /* Alamofire in Frameworks */ = {isa = PBXBuildFile; productRef = CC3782192C64C71600E8E269 /* Alamofire */; };
		CC37821C2C64CE7E00E8E269 /* SearchViewModel.swift in Sources */ = {isa = PBXBuildFile; fileRef = CC37821B2C64CE7E00E8E269 /* SearchViewModel.swift */; };
		CC37821F2C64D6AC00E8E269 /* NetworkManager.swift in Sources */ = {isa = PBXBuildFile; fileRef = CC37821E2C64D6AC00E8E269 /* NetworkManager.swift */; };
		CC3782232C64D82400E8E269 /* Kingfisher in Frameworks */ = {isa = PBXBuildFile; productRef = CC3782222C64D82400E8E269 /* Kingfisher */; };
		CC3782252C64DC9F00E8E269 /* AppResponse.swift in Sources */ = {isa = PBXBuildFile; fileRef = CC3782242C64DC9F00E8E269 /* AppResponse.swift */; };
		CC3782292C673AC500E8E269 /* SearchResultTableViewCell.swift in Sources */ = {isa = PBXBuildFile; fileRef = CC3782282C673AC500E8E269 /* SearchResultTableViewCell.swift */; };
		CC37822C2C67579F00E8E269 /* Toast in Frameworks */ = {isa = PBXBuildFile; productRef = CC37822B2C67579F00E8E269 /* Toast */; };
		CC37822E2C678AAD00E8E269 /* AppDetailViewController.swift in Sources */ = {isa = PBXBuildFile; fileRef = CC37822D2C678AAD00E8E269 /* AppDetailViewController.swift */; };
		CC3782322C678FD300E8E269 /* AppDetailViewModel.swift in Sources */ = {isa = PBXBuildFile; fileRef = CC3782312C678FD300E8E269 /* AppDetailViewModel.swift */; };
		CC3782352C67925800E8E269 /* UIViewController+Rx.swift in Sources */ = {isa = PBXBuildFile; fileRef = CC3782342C67925800E8E269 /* UIViewController+Rx.swift */; };
		CC3782372C687E5000E8E269 /* AppDetailHeaderView.swift in Sources */ = {isa = PBXBuildFile; fileRef = CC3782362C687E5000E8E269 /* AppDetailHeaderView.swift */; };
		CC3782392C68827D00E8E269 /* ReleaseContentView.swift in Sources */ = {isa = PBXBuildFile; fileRef = CC3782382C68827D00E8E269 /* ReleaseContentView.swift */; };
		CCCCCDE82C64C55B003FF69A /* AppDelegate.swift in Sources */ = {isa = PBXBuildFile; fileRef = CCCCCDE72C64C55B003FF69A /* AppDelegate.swift */; };
		CCCCCDEA2C64C55B003FF69A /* SceneDelegate.swift in Sources */ = {isa = PBXBuildFile; fileRef = CCCCCDE92C64C55B003FF69A /* SceneDelegate.swift */; };
		CCCCCDEC2C64C55B003FF69A /* SearchViewController.swift in Sources */ = {isa = PBXBuildFile; fileRef = CCCCCDEB2C64C55B003FF69A /* SearchViewController.swift */; };
		CCCCCDF12C64C55D003FF69A /* Assets.xcassets in Resources */ = {isa = PBXBuildFile; fileRef = CCCCCDF02C64C55D003FF69A /* Assets.xcassets */; };
		CCCCCDF42C64C55D003FF69A /* Base in Resources */ = {isa = PBXBuildFile; fileRef = CCCCCDF32C64C55D003FF69A /* Base */; };
/* End PBXBuildFile section */

/* Begin PBXFileReference section */
		CC37821B2C64CE7E00E8E269 /* SearchViewModel.swift */ = {isa = PBXFileReference; lastKnownFileType = sourcecode.swift; path = SearchViewModel.swift; sourceTree = "<group>"; };
		CC37821E2C64D6AC00E8E269 /* NetworkManager.swift */ = {isa = PBXFileReference; lastKnownFileType = sourcecode.swift; path = NetworkManager.swift; sourceTree = "<group>"; };
		CC3782242C64DC9F00E8E269 /* AppResponse.swift */ = {isa = PBXFileReference; lastKnownFileType = sourcecode.swift; path = AppResponse.swift; sourceTree = "<group>"; };
		CC3782282C673AC500E8E269 /* SearchResultTableViewCell.swift */ = {isa = PBXFileReference; lastKnownFileType = sourcecode.swift; path = SearchResultTableViewCell.swift; sourceTree = "<group>"; };
		CC37822D2C678AAD00E8E269 /* AppDetailViewController.swift */ = {isa = PBXFileReference; lastKnownFileType = sourcecode.swift; path = AppDetailViewController.swift; sourceTree = "<group>"; };
		CC3782312C678FD300E8E269 /* AppDetailViewModel.swift */ = {isa = PBXFileReference; lastKnownFileType = sourcecode.swift; path = AppDetailViewModel.swift; sourceTree = "<group>"; };
		CC3782342C67925800E8E269 /* UIViewController+Rx.swift */ = {isa = PBXFileReference; lastKnownFileType = sourcecode.swift; path = "UIViewController+Rx.swift"; sourceTree = "<group>"; };
		CC3782362C687E5000E8E269 /* AppDetailHeaderView.swift */ = {isa = PBXFileReference; lastKnownFileType = sourcecode.swift; path = AppDetailHeaderView.swift; sourceTree = "<group>"; };
		CC3782382C68827D00E8E269 /* ReleaseContentView.swift */ = {isa = PBXFileReference; lastKnownFileType = sourcecode.swift; path = ReleaseContentView.swift; sourceTree = "<group>"; };
		CCCCCDE42C64C55B003FF69A /* iTunesProject.app */ = {isa = PBXFileReference; explicitFileType = wrapper.application; includeInIndex = 0; path = iTunesProject.app; sourceTree = BUILT_PRODUCTS_DIR; };
		CCCCCDE72C64C55B003FF69A /* AppDelegate.swift */ = {isa = PBXFileReference; lastKnownFileType = sourcecode.swift; path = AppDelegate.swift; sourceTree = "<group>"; };
		CCCCCDE92C64C55B003FF69A /* SceneDelegate.swift */ = {isa = PBXFileReference; lastKnownFileType = sourcecode.swift; path = SceneDelegate.swift; sourceTree = "<group>"; };
		CCCCCDEB2C64C55B003FF69A /* SearchViewController.swift */ = {isa = PBXFileReference; lastKnownFileType = sourcecode.swift; path = SearchViewController.swift; sourceTree = "<group>"; };
		CCCCCDF02C64C55D003FF69A /* Assets.xcassets */ = {isa = PBXFileReference; lastKnownFileType = folder.assetcatalog; path = Assets.xcassets; sourceTree = "<group>"; };
		CCCCCDF32C64C55D003FF69A /* Base */ = {isa = PBXFileReference; lastKnownFileType = file.storyboard; name = Base; path = Base.lproj/LaunchScreen.storyboard; sourceTree = "<group>"; };
		CCCCCDF52C64C55D003FF69A /* Info.plist */ = {isa = PBXFileReference; lastKnownFileType = text.plist.xml; path = Info.plist; sourceTree = "<group>"; };
/* End PBXFileReference section */

/* Begin PBXFrameworksBuildPhase section */
		CCCCCDE12C64C55B003FF69A /* Frameworks */ = {
			isa = PBXFrameworksBuildPhase;
			buildActionMask = 2147483647;
			files = (
				CC3782232C64D82400E8E269 /* Kingfisher in Frameworks */,
				CC37821A2C64C71600E8E269 /* Alamofire in Frameworks */,
				CC3782142C64C6F100E8E269 /* SnapKit in Frameworks */,
				CC3782112C64C6DF00E8E269 /* RxSwift in Frameworks */,
				CC37820F2C64C6DF00E8E269 /* RxCocoa in Frameworks */,
				CC37822C2C67579F00E8E269 /* Toast in Frameworks */,
				CC3782172C64C6FC00E8E269 /* Then in Frameworks */,
			);
			runOnlyForDeploymentPostprocessing = 0;
		};
/* End PBXFrameworksBuildPhase section */

/* Begin PBXGroup section */
		CC37820B2C64C60300E8E269 /* Presenter */ = {
			isa = PBXGroup;
			children = (
				CC3782302C678FC200E8E269 /* DetailScreen */,
				CC37822F2C678FAC00E8E269 /* SearchScreen */,
				CC3782342C67925800E8E269 /* UIViewController+Rx.swift */,
			);
			path = Presenter;
			sourceTree = "<group>";
		};
		CC37821D2C64D6A300E8E269 /* Network */ = {
			isa = PBXGroup;
			children = (
				CC37821E2C64D6AC00E8E269 /* NetworkManager.swift */,
			);
			path = Network;
			sourceTree = "<group>";
		};
		CC3782202C64D70600E8E269 /* Data */ = {
			isa = PBXGroup;
			children = (
				CC3782242C64DC9F00E8E269 /* AppResponse.swift */,
			);
			path = Data;
			sourceTree = "<group>";
		};
		CC37822F2C678FAC00E8E269 /* SearchScreen */ = {
			isa = PBXGroup;
			children = (
				CCCCCDEB2C64C55B003FF69A /* SearchViewController.swift */,
				CC37821B2C64CE7E00E8E269 /* SearchViewModel.swift */,
				CC3782282C673AC500E8E269 /* SearchResultTableViewCell.swift */,
			);
			path = SearchScreen;
			sourceTree = "<group>";
		};
		CC3782302C678FC200E8E269 /* DetailScreen */ = {
			isa = PBXGroup;
			children = (
				CC37822D2C678AAD00E8E269 /* AppDetailViewController.swift */,
				CC3782312C678FD300E8E269 /* AppDetailViewModel.swift */,
				CC3782362C687E5000E8E269 /* AppDetailHeaderView.swift */,
				CC3782382C68827D00E8E269 /* ReleaseContentView.swift */,
			);
			path = DetailScreen;
			sourceTree = "<group>";
		};
		CCCCCDDB2C64C55B003FF69A = {
			isa = PBXGroup;
			children = (
				CCCCCDE62C64C55B003FF69A /* iTunesProject */,
				CCCCCDE52C64C55B003FF69A /* Products */,
			);
			sourceTree = "<group>";
		};
		CCCCCDE52C64C55B003FF69A /* Products */ = {
			isa = PBXGroup;
			children = (
				CCCCCDE42C64C55B003FF69A /* iTunesProject.app */,
			);
			name = Products;
			sourceTree = "<group>";
		};
		CCCCCDE62C64C55B003FF69A /* iTunesProject */ = {
			isa = PBXGroup;
			children = (
				CC3782202C64D70600E8E269 /* Data */,
				CC37821D2C64D6A300E8E269 /* Network */,
				CC37820B2C64C60300E8E269 /* Presenter */,
				CCCCCDE72C64C55B003FF69A /* AppDelegate.swift */,
				CCCCCDE92C64C55B003FF69A /* SceneDelegate.swift */,
				CCCCCDF02C64C55D003FF69A /* Assets.xcassets */,
				CCCCCDF22C64C55D003FF69A /* LaunchScreen.storyboard */,
				CCCCCDF52C64C55D003FF69A /* Info.plist */,
			);
			path = iTunesProject;
			sourceTree = "<group>";
		};
/* End PBXGroup section */

/* Begin PBXNativeTarget section */
		CCCCCDE32C64C55B003FF69A /* iTunesProject */ = {
			isa = PBXNativeTarget;
			buildConfigurationList = CCCCCDF82C64C55D003FF69A /* Build configuration list for PBXNativeTarget "iTunesProject" */;
			buildPhases = (
				CCCCCDE02C64C55B003FF69A /* Sources */,
				CCCCCDE12C64C55B003FF69A /* Frameworks */,
				CCCCCDE22C64C55B003FF69A /* Resources */,
			);
			buildRules = (
			);
			dependencies = (
			);
			name = iTunesProject;
			packageProductDependencies = (
				CC37820E2C64C6DF00E8E269 /* RxCocoa */,
				CC3782102C64C6DF00E8E269 /* RxSwift */,
				CC3782132C64C6F100E8E269 /* SnapKit */,
				CC3782162C64C6FC00E8E269 /* Then */,
				CC3782192C64C71600E8E269 /* Alamofire */,
				CC3782222C64D82400E8E269 /* Kingfisher */,
				CC37822B2C67579F00E8E269 /* Toast */,
			);
			productName = iTunesProject;
			productReference = CCCCCDE42C64C55B003FF69A /* iTunesProject.app */;
			productType = "com.apple.product-type.application";
		};
/* End PBXNativeTarget section */

/* Begin PBXProject section */
		CCCCCDDC2C64C55B003FF69A /* Project object */ = {
			isa = PBXProject;
			attributes = {
				BuildIndependentTargetsInParallel = 1;
				LastSwiftUpdateCheck = 1540;
				LastUpgradeCheck = 1540;
				TargetAttributes = {
					CCCCCDE32C64C55B003FF69A = {
						CreatedOnToolsVersion = 15.4;
					};
				};
			};
			buildConfigurationList = CCCCCDDF2C64C55B003FF69A /* Build configuration list for PBXProject "iTunesProject" */;
			compatibilityVersion = "Xcode 14.0";
			developmentRegion = en;
			hasScannedForEncodings = 0;
			knownRegions = (
				en,
				Base,
			);
			mainGroup = CCCCCDDB2C64C55B003FF69A;
			packageReferences = (
				CC37820D2C64C6DF00E8E269 /* XCRemoteSwiftPackageReference "RxSwift" */,
				CC3782122C64C6F100E8E269 /* XCRemoteSwiftPackageReference "SnapKit" */,
				CC3782152C64C6FC00E8E269 /* XCRemoteSwiftPackageReference "Then" */,
				CC3782182C64C71600E8E269 /* XCRemoteSwiftPackageReference "Alamofire" */,
				CC3782212C64D82400E8E269 /* XCRemoteSwiftPackageReference "Kingfisher" */,
				CC37822A2C67579F00E8E269 /* XCRemoteSwiftPackageReference "Toast-Swift" */,
			);
			productRefGroup = CCCCCDE52C64C55B003FF69A /* Products */;
			projectDirPath = "";
			projectRoot = "";
			targets = (
				CCCCCDE32C64C55B003FF69A /* iTunesProject */,
			);
		};
/* End PBXProject section */

/* Begin PBXResourcesBuildPhase section */
		CCCCCDE22C64C55B003FF69A /* Resources */ = {
			isa = PBXResourcesBuildPhase;
			buildActionMask = 2147483647;
			files = (
				CCCCCDF12C64C55D003FF69A /* Assets.xcassets in Resources */,
				CCCCCDF42C64C55D003FF69A /* Base in Resources */,
			);
			runOnlyForDeploymentPostprocessing = 0;
		};
/* End PBXResourcesBuildPhase section */

/* Begin PBXSourcesBuildPhase section */
		CCCCCDE02C64C55B003FF69A /* Sources */ = {
			isa = PBXSourcesBuildPhase;
			buildActionMask = 2147483647;
			files = (
				CC3782352C67925800E8E269 /* UIViewController+Rx.swift in Sources */,
				CCCCCDEC2C64C55B003FF69A /* SearchViewController.swift in Sources */,
				CC3782392C68827D00E8E269 /* ReleaseContentView.swift in Sources */,
				CC3782292C673AC500E8E269 /* SearchResultTableViewCell.swift in Sources */,
				CC3782252C64DC9F00E8E269 /* AppResponse.swift in Sources */,
				CC37822E2C678AAD00E8E269 /* AppDetailViewController.swift in Sources */,
				CC3782322C678FD300E8E269 /* AppDetailViewModel.swift in Sources */,
				CCCCCDE82C64C55B003FF69A /* AppDelegate.swift in Sources */,
				CC37821F2C64D6AC00E8E269 /* NetworkManager.swift in Sources */,
				CC37821C2C64CE7E00E8E269 /* SearchViewModel.swift in Sources */,
				CCCCCDEA2C64C55B003FF69A /* SceneDelegate.swift in Sources */,
				CC3782372C687E5000E8E269 /* AppDetailHeaderView.swift in Sources */,
			);
			runOnlyForDeploymentPostprocessing = 0;
		};
/* End PBXSourcesBuildPhase section */

/* Begin PBXVariantGroup section */
		CCCCCDF22C64C55D003FF69A /* LaunchScreen.storyboard */ = {
			isa = PBXVariantGroup;
			children = (
				CCCCCDF32C64C55D003FF69A /* Base */,
			);
			name = LaunchScreen.storyboard;
			sourceTree = "<group>";
		};
/* End PBXVariantGroup section */

/* Begin XCBuildConfiguration section */
		CCCCCDF62C64C55D003FF69A /* Debug */ = {
			isa = XCBuildConfiguration;
			buildSettings = {
				ALWAYS_SEARCH_USER_PATHS = NO;
				ASSETCATALOG_COMPILER_GENERATE_SWIFT_ASSET_SYMBOL_EXTENSIONS = YES;
				CLANG_ANALYZER_NONNULL = YES;
				CLANG_ANALYZER_NUMBER_OBJECT_CONVERSION = YES_AGGRESSIVE;
				CLANG_CXX_LANGUAGE_STANDARD = "gnu++20";
				CLANG_ENABLE_MODULES = YES;
				CLANG_ENABLE_OBJC_ARC = YES;
				CLANG_ENABLE_OBJC_WEAK = YES;
				CLANG_WARN_BLOCK_CAPTURE_AUTORELEASING = YES;
				CLANG_WARN_BOOL_CONVERSION = YES;
				CLANG_WARN_COMMA = YES;
				CLANG_WARN_CONSTANT_CONVERSION = YES;
				CLANG_WARN_DEPRECATED_OBJC_IMPLEMENTATIONS = YES;
				CLANG_WARN_DIRECT_OBJC_ISA_USAGE = YES_ERROR;
				CLANG_WARN_DOCUMENTATION_COMMENTS = YES;
				CLANG_WARN_EMPTY_BODY = YES;
				CLANG_WARN_ENUM_CONVERSION = YES;
				CLANG_WARN_INFINITE_RECURSION = YES;
				CLANG_WARN_INT_CONVERSION = YES;
				CLANG_WARN_NON_LITERAL_NULL_CONVERSION = YES;
				CLANG_WARN_OBJC_IMPLICIT_RETAIN_SELF = YES;
				CLANG_WARN_OBJC_LITERAL_CONVERSION = YES;
				CLANG_WARN_OBJC_ROOT_CLASS = YES_ERROR;
				CLANG_WARN_QUOTED_INCLUDE_IN_FRAMEWORK_HEADER = YES;
				CLANG_WARN_RANGE_LOOP_ANALYSIS = YES;
				CLANG_WARN_STRICT_PROTOTYPES = YES;
				CLANG_WARN_SUSPICIOUS_MOVE = YES;
				CLANG_WARN_UNGUARDED_AVAILABILITY = YES_AGGRESSIVE;
				CLANG_WARN_UNREACHABLE_CODE = YES;
				CLANG_WARN__DUPLICATE_METHOD_MATCH = YES;
				COPY_PHASE_STRIP = NO;
				DEBUG_INFORMATION_FORMAT = dwarf;
				ENABLE_STRICT_OBJC_MSGSEND = YES;
				ENABLE_TESTABILITY = YES;
				ENABLE_USER_SCRIPT_SANDBOXING = YES;
				GCC_C_LANGUAGE_STANDARD = gnu17;
				GCC_DYNAMIC_NO_PIC = NO;
				GCC_NO_COMMON_BLOCKS = YES;
				GCC_OPTIMIZATION_LEVEL = 0;
				GCC_PREPROCESSOR_DEFINITIONS = (
					"DEBUG=1",
					"$(inherited)",
				);
				GCC_WARN_64_TO_32_BIT_CONVERSION = YES;
				GCC_WARN_ABOUT_RETURN_TYPE = YES_ERROR;
				GCC_WARN_UNDECLARED_SELECTOR = YES;
				GCC_WARN_UNINITIALIZED_AUTOS = YES_AGGRESSIVE;
				GCC_WARN_UNUSED_FUNCTION = YES;
				GCC_WARN_UNUSED_VARIABLE = YES;
				IPHONEOS_DEPLOYMENT_TARGET = 15.0;
				LOCALIZATION_PREFERS_STRING_CATALOGS = YES;
				MTL_ENABLE_DEBUG_INFO = INCLUDE_SOURCE;
				MTL_FAST_MATH = YES;
				ONLY_ACTIVE_ARCH = YES;
				SDKROOT = iphoneos;
				SWIFT_ACTIVE_COMPILATION_CONDITIONS = "DEBUG $(inherited)";
				SWIFT_OPTIMIZATION_LEVEL = "-Onone";
			};
			name = Debug;
		};
		CCCCCDF72C64C55D003FF69A /* Release */ = {
			isa = XCBuildConfiguration;
			buildSettings = {
				ALWAYS_SEARCH_USER_PATHS = NO;
				ASSETCATALOG_COMPILER_GENERATE_SWIFT_ASSET_SYMBOL_EXTENSIONS = YES;
				CLANG_ANALYZER_NONNULL = YES;
				CLANG_ANALYZER_NUMBER_OBJECT_CONVERSION = YES_AGGRESSIVE;
				CLANG_CXX_LANGUAGE_STANDARD = "gnu++20";
				CLANG_ENABLE_MODULES = YES;
				CLANG_ENABLE_OBJC_ARC = YES;
				CLANG_ENABLE_OBJC_WEAK = YES;
				CLANG_WARN_BLOCK_CAPTURE_AUTORELEASING = YES;
				CLANG_WARN_BOOL_CONVERSION = YES;
				CLANG_WARN_COMMA = YES;
				CLANG_WARN_CONSTANT_CONVERSION = YES;
				CLANG_WARN_DEPRECATED_OBJC_IMPLEMENTATIONS = YES;
				CLANG_WARN_DIRECT_OBJC_ISA_USAGE = YES_ERROR;
				CLANG_WARN_DOCUMENTATION_COMMENTS = YES;
				CLANG_WARN_EMPTY_BODY = YES;
				CLANG_WARN_ENUM_CONVERSION = YES;
				CLANG_WARN_INFINITE_RECURSION = YES;
				CLANG_WARN_INT_CONVERSION = YES;
				CLANG_WARN_NON_LITERAL_NULL_CONVERSION = YES;
				CLANG_WARN_OBJC_IMPLICIT_RETAIN_SELF = YES;
				CLANG_WARN_OBJC_LITERAL_CONVERSION = YES;
				CLANG_WARN_OBJC_ROOT_CLASS = YES_ERROR;
				CLANG_WARN_QUOTED_INCLUDE_IN_FRAMEWORK_HEADER = YES;
				CLANG_WARN_RANGE_LOOP_ANALYSIS = YES;
				CLANG_WARN_STRICT_PROTOTYPES = YES;
				CLANG_WARN_SUSPICIOUS_MOVE = YES;
				CLANG_WARN_UNGUARDED_AVAILABILITY = YES_AGGRESSIVE;
				CLANG_WARN_UNREACHABLE_CODE = YES;
				CLANG_WARN__DUPLICATE_METHOD_MATCH = YES;
				COPY_PHASE_STRIP = NO;
				DEBUG_INFORMATION_FORMAT = "dwarf-with-dsym";
				ENABLE_NS_ASSERTIONS = NO;
				ENABLE_STRICT_OBJC_MSGSEND = YES;
				ENABLE_USER_SCRIPT_SANDBOXING = YES;
				GCC_C_LANGUAGE_STANDARD = gnu17;
				GCC_NO_COMMON_BLOCKS = YES;
				GCC_WARN_64_TO_32_BIT_CONVERSION = YES;
				GCC_WARN_ABOUT_RETURN_TYPE = YES_ERROR;
				GCC_WARN_UNDECLARED_SELECTOR = YES;
				GCC_WARN_UNINITIALIZED_AUTOS = YES_AGGRESSIVE;
				GCC_WARN_UNUSED_FUNCTION = YES;
				GCC_WARN_UNUSED_VARIABLE = YES;
				IPHONEOS_DEPLOYMENT_TARGET = 15.0;
				LOCALIZATION_PREFERS_STRING_CATALOGS = YES;
				MTL_ENABLE_DEBUG_INFO = NO;
				MTL_FAST_MATH = YES;
				SDKROOT = iphoneos;
				SWIFT_COMPILATION_MODE = wholemodule;
				VALIDATE_PRODUCT = YES;
			};
			name = Release;
		};
		CCCCCDF92C64C55D003FF69A /* Debug */ = {
			isa = XCBuildConfiguration;
			buildSettings = {
				ASSETCATALOG_COMPILER_APPICON_NAME = AppIcon;
				ASSETCATALOG_COMPILER_GLOBAL_ACCENT_COLOR_NAME = AccentColor;
				CODE_SIGN_STYLE = Automatic;
				CURRENT_PROJECT_VERSION = 1;
				DEVELOPMENT_TEAM = YWNQ4RZBTS;
				GENERATE_INFOPLIST_FILE = YES;
				INFOPLIST_FILE = iTunesProject/Info.plist;
				INFOPLIST_KEY_UIApplicationSupportsIndirectInputEvents = YES;
				INFOPLIST_KEY_UILaunchStoryboardName = LaunchScreen;
				INFOPLIST_KEY_UISupportedInterfaceOrientations = UIInterfaceOrientationPortrait;
				INFOPLIST_KEY_UISupportedInterfaceOrientations_iPad = UIInterfaceOrientationPortrait;
				IPHONEOS_DEPLOYMENT_TARGET = 15.0;
				LD_RUNPATH_SEARCH_PATHS = (
					"$(inherited)",
					"@executable_path/Frameworks",
				);
				MARKETING_VERSION = 1.0;
				PRODUCT_BUNDLE_IDENTIFIER = com.jinyoo.sesac.iTunesProject;
				PRODUCT_NAME = "$(TARGET_NAME)";
				SUPPORTED_PLATFORMS = "iphoneos iphonesimulator";
				SUPPORTS_MACCATALYST = NO;
				SUPPORTS_MAC_DESIGNED_FOR_IPHONE_IPAD = NO;
				SUPPORTS_XR_DESIGNED_FOR_IPHONE_IPAD = NO;
				SWIFT_EMIT_LOC_STRINGS = YES;
				SWIFT_VERSION = 5.0;
				TARGETED_DEVICE_FAMILY = 1;
			};
			name = Debug;
		};
		CCCCCDFA2C64C55D003FF69A /* Release */ = {
			isa = XCBuildConfiguration;
			buildSettings = {
				ASSETCATALOG_COMPILER_APPICON_NAME = AppIcon;
				ASSETCATALOG_COMPILER_GLOBAL_ACCENT_COLOR_NAME = AccentColor;
				CODE_SIGN_STYLE = Automatic;
				CURRENT_PROJECT_VERSION = 1;
				DEVELOPMENT_TEAM = YWNQ4RZBTS;
				GENERATE_INFOPLIST_FILE = YES;
				INFOPLIST_FILE = iTunesProject/Info.plist;
				INFOPLIST_KEY_UIApplicationSupportsIndirectInputEvents = YES;
				INFOPLIST_KEY_UILaunchStoryboardName = LaunchScreen;
				INFOPLIST_KEY_UISupportedInterfaceOrientations = UIInterfaceOrientationPortrait;
				INFOPLIST_KEY_UISupportedInterfaceOrientations_iPad = UIInterfaceOrientationPortrait;
				IPHONEOS_DEPLOYMENT_TARGET = 15.0;
				LD_RUNPATH_SEARCH_PATHS = (
					"$(inherited)",
					"@executable_path/Frameworks",
				);
				MARKETING_VERSION = 1.0;
				PRODUCT_BUNDLE_IDENTIFIER = com.jinyoo.sesac.iTunesProject;
				PRODUCT_NAME = "$(TARGET_NAME)";
				SUPPORTED_PLATFORMS = "iphoneos iphonesimulator";
				SUPPORTS_MACCATALYST = NO;
				SUPPORTS_MAC_DESIGNED_FOR_IPHONE_IPAD = NO;
				SUPPORTS_XR_DESIGNED_FOR_IPHONE_IPAD = NO;
				SWIFT_EMIT_LOC_STRINGS = YES;
				SWIFT_VERSION = 5.0;
				TARGETED_DEVICE_FAMILY = 1;
			};
			name = Release;
		};
/* End XCBuildConfiguration section */

/* Begin XCConfigurationList section */
		CCCCCDDF2C64C55B003FF69A /* Build configuration list for PBXProject "iTunesProject" */ = {
			isa = XCConfigurationList;
			buildConfigurations = (
				CCCCCDF62C64C55D003FF69A /* Debug */,
				CCCCCDF72C64C55D003FF69A /* Release */,
			);
			defaultConfigurationIsVisible = 0;
			defaultConfigurationName = Release;
		};
		CCCCCDF82C64C55D003FF69A /* Build configuration list for PBXNativeTarget "iTunesProject" */ = {
			isa = XCConfigurationList;
			buildConfigurations = (
				CCCCCDF92C64C55D003FF69A /* Debug */,
				CCCCCDFA2C64C55D003FF69A /* Release */,
			);
			defaultConfigurationIsVisible = 0;
			defaultConfigurationName = Release;
		};
/* End XCConfigurationList section */

/* Begin XCRemoteSwiftPackageReference section */
		CC37820D2C64C6DF00E8E269 /* XCRemoteSwiftPackageReference "RxSwift" */ = {
			isa = XCRemoteSwiftPackageReference;
			repositoryURL = "https://github.com/ReactiveX/RxSwift.git";
			requirement = {
				kind = upToNextMajorVersion;
				minimumVersion = 6.7.1;
			};
		};
		CC3782122C64C6F100E8E269 /* XCRemoteSwiftPackageReference "SnapKit" */ = {
			isa = XCRemoteSwiftPackageReference;
			repositoryURL = "https://github.com/SnapKit/SnapKit.git";
			requirement = {
				kind = upToNextMajorVersion;
				minimumVersion = 5.7.1;
			};
		};
		CC3782152C64C6FC00E8E269 /* XCRemoteSwiftPackageReference "Then" */ = {
			isa = XCRemoteSwiftPackageReference;
			repositoryURL = "https://github.com/devxoul/Then.git";
			requirement = {
				kind = upToNextMajorVersion;
				minimumVersion = 3.0.0;
			};
		};
		CC3782182C64C71600E8E269 /* XCRemoteSwiftPackageReference "Alamofire" */ = {
			isa = XCRemoteSwiftPackageReference;
			repositoryURL = "https://github.com/Alamofire/Alamofire.git";
			requirement = {
				kind = upToNextMajorVersion;
				minimumVersion = 5.9.1;
			};
		};
		CC3782212C64D82400E8E269 /* XCRemoteSwiftPackageReference "Kingfisher" */ = {
			isa = XCRemoteSwiftPackageReference;
			repositoryURL = "https://github.com/onevcat/Kingfisher";
			requirement = {
				kind = upToNextMajorVersion;
				minimumVersion = 7.12.0;
			};
		};
		CC37822A2C67579F00E8E269 /* XCRemoteSwiftPackageReference "Toast-Swift" */ = {
			isa = XCRemoteSwiftPackageReference;
			repositoryURL = "https://github.com/scalessec/Toast-Swift.git";
			requirement = {
				kind = upToNextMajorVersion;
				minimumVersion = 5.1.1;
			};
		};
/* End XCRemoteSwiftPackageReference section */

/* Begin XCSwiftPackageProductDependency section */
		CC37820E2C64C6DF00E8E269 /* RxCocoa */ = {
			isa = XCSwiftPackageProductDependency;
			package = CC37820D2C64C6DF00E8E269 /* XCRemoteSwiftPackageReference "RxSwift" */;
			productName = RxCocoa;
		};
		CC3782102C64C6DF00E8E269 /* RxSwift */ = {
			isa = XCSwiftPackageProductDependency;
			package = CC37820D2C64C6DF00E8E269 /* XCRemoteSwiftPackageReference "RxSwift" */;
			productName = RxSwift;
		};
		CC3782132C64C6F100E8E269 /* SnapKit */ = {
			isa = XCSwiftPackageProductDependency;
			package = CC3782122C64C6F100E8E269 /* XCRemoteSwiftPackageReference "SnapKit" */;
			productName = SnapKit;
		};
		CC3782162C64C6FC00E8E269 /* Then */ = {
			isa = XCSwiftPackageProductDependency;
			package = CC3782152C64C6FC00E8E269 /* XCRemoteSwiftPackageReference "Then" */;
			productName = Then;
		};
		CC3782192C64C71600E8E269 /* Alamofire */ = {
			isa = XCSwiftPackageProductDependency;
			package = CC3782182C64C71600E8E269 /* XCRemoteSwiftPackageReference "Alamofire" */;
			productName = Alamofire;
		};
		CC3782222C64D82400E8E269 /* Kingfisher */ = {
			isa = XCSwiftPackageProductDependency;
			package = CC3782212C64D82400E8E269 /* XCRemoteSwiftPackageReference "Kingfisher" */;
			productName = Kingfisher;
		};
		CC37822B2C67579F00E8E269 /* Toast */ = {
			isa = XCSwiftPackageProductDependency;
			package = CC37822A2C67579F00E8E269 /* XCRemoteSwiftPackageReference "Toast-Swift" */;
			productName = Toast;
		};
/* End XCSwiftPackageProductDependency section */
	};
	rootObject = CCCCCDDC2C64C55B003FF69A /* Project object */;
}
